
Microsoft Visual Studio Solution File, Format Version 12.00
# Visual Studio Version 17
VisualStudioVersion = 17.0.31912.275
MinimumVisualStudioVersion = 10.0.40219.1
Project("{2150E333-8FDC-42A3-9474-1A3956D46DE8}") = "src", "src", "{B56BD9D7-6519-4C20-83F3-065A6DE3CD5C}"
EndProject
Project("{9A19103F-16F7-4668-BE54-9A1E7A4F7556}") = "HotDesk.Api", "src\HotDesk.Api\HotDesk.Api.csproj", "{E9ADE736-2031-45BD-9C90-A585CF453520}"
EndProject
Project("{9A19103F-16F7-4668-BE54-9A1E7A4F7556}") = "HotDesk.Domain", "src\HotDesk.Domain\HotDesk.Domain.csproj", "{96BE79B5-C9CA-4910-8BC6-0939CB37F3E8}"
EndProject
Project("{9A19103F-16F7-4668-BE54-9A1E7A4F7556}") = "HotDesk.Infrastructure", "src\HotDesk.Infrastructure\HotDesk.Infrastructure.csproj", "{8EFFEE66-0EB6-4E7B-B19C-DF54584600CB}"
EndProject
Project("{9A19103F-16F7-4668-BE54-9A1E7A4F7556}") = "HotDesk.Application", "src\HotDesk.Application\HotDesk.Application.csproj", "{F5EED875-886C-42FE-8B69-995EDAF8A112}"
EndProject
Project("{2150E333-8FDC-42A3-9474-1A3956D46DE8}") = "tests", "tests", "{BC92BAF0-3620-417E-A974-F02844536051}"
EndProject
Project("{9A19103F-16F7-4668-BE54-9A1E7A4F7556}") = "HotDesk.TestHelper", "tests\HotDesk.TestHelper\HotDesk.TestHelper.csproj", "{17E43E27-6E0D-48EF-809E-045944CA1D3E}"
EndProject
Project("{9A19103F-16F7-4668-BE54-9A1E7A4F7556}") = "HotDesk.Domain.UnitTest", "tests\HotDesk.Domain.UnitTests\HotDesk.Domain.UnitTest.csproj", "{50238ED6-85F2-4E7C-8646-02E89D5D437C}"
EndProject
Project("{FAE04EC0-301F-11D3-BF4B-00C04F79EFBC}") = "HotDesk.Infrastructure.UnitTest", "tests\HotDesk.Infrastructure.UnitTest\HotDesk.Infrastructure.UnitTest.csproj", "{607FE9C5-D74A-48F2-8D7F-ECC81D540D41}"
EndProject
Global
	GlobalSection(SolutionConfigurationPlatforms) = preSolution
		Debug|Any CPU = Debug|Any CPU
		Debug|x64 = Debug|x64
		Debug|x86 = Debug|x86
		Release|Any CPU = Release|Any CPU
		Release|x64 = Release|x64
		Release|x86 = Release|x86
	EndGlobalSection
	GlobalSection(ProjectConfigurationPlatforms) = postSolution
		{E9ADE736-2031-45BD-9C90-A585CF453520}.Debug|Any CPU.ActiveCfg = Debug|Any CPU
		{E9ADE736-2031-45BD-9C90-A585CF453520}.Debug|Any CPU.Build.0 = Debug|Any CPU
		{E9ADE736-2031-45BD-9C90-A585CF453520}.Debug|x64.ActiveCfg = Debug|Any CPU
		{E9ADE736-2031-45BD-9C90-A585CF453520}.Debug|x64.Build.0 = Debug|Any CPU
		{E9ADE736-2031-45BD-9C90-A585CF453520}.Debug|x86.ActiveCfg = Debug|Any CPU
		{E9ADE736-2031-45BD-9C90-A585CF453520}.Debug|x86.Build.0 = Debug|Any CPU
		{E9ADE736-2031-45BD-9C90-A585CF453520}.Release|Any CPU.ActiveCfg = Release|Any CPU
		{E9ADE736-2031-45BD-9C90-A585CF453520}.Release|Any CPU.Build.0 = Release|Any CPU
		{E9ADE736-2031-45BD-9C90-A585CF453520}.Release|x64.ActiveCfg = Release|Any CPU
		{E9ADE736-2031-45BD-9C90-A585CF453520}.Release|x64.Build.0 = Release|Any CPU
		{E9ADE736-2031-45BD-9C90-A585CF453520}.Release|x86.ActiveCfg = Release|Any CPU
		{E9ADE736-2031-45BD-9C90-A585CF453520}.Release|x86.Build.0 = Release|Any CPU
		{96BE79B5-C9CA-4910-8BC6-0939CB37F3E8}.Debug|Any CPU.ActiveCfg = Debug|Any CPU
		{96BE79B5-C9CA-4910-8BC6-0939CB37F3E8}.Debug|Any CPU.Build.0 = Debug|Any CPU
		{96BE79B5-C9CA-4910-8BC6-0939CB37F3E8}.Debug|x64.ActiveCfg = Debug|Any CPU
		{96BE79B5-C9CA-4910-8BC6-0939CB37F3E8}.Debug|x64.Build.0 = Debug|Any CPU
		{96BE79B5-C9CA-4910-8BC6-0939CB37F3E8}.Debug|x86.ActiveCfg = Debug|Any CPU
		{96BE79B5-C9CA-4910-8BC6-0939CB37F3E8}.Debug|x86.Build.0 = Debug|Any CPU
		{96BE79B5-C9CA-4910-8BC6-0939CB37F3E8}.Release|Any CPU.ActiveCfg = Release|Any CPU
		{96BE79B5-C9CA-4910-8BC6-0939CB37F3E8}.Release|Any CPU.Build.0 = Release|Any CPU
		{96BE79B5-C9CA-4910-8BC6-0939CB37F3E8}.Release|x64.ActiveCfg = Release|Any CPU
		{96BE79B5-C9CA-4910-8BC6-0939CB37F3E8}.Release|x64.Build.0 = Release|Any CPU
		{96BE79B5-C9CA-4910-8BC6-0939CB37F3E8}.Release|x86.ActiveCfg = Release|Any CPU
		{96BE79B5-C9CA-4910-8BC6-0939CB37F3E8}.Release|x86.Build.0 = Release|Any CPU
		{8EFFEE66-0EB6-4E7B-B19C-DF54584600CB}.Debug|Any CPU.ActiveCfg = Debug|Any CPU
		{8EFFEE66-0EB6-4E7B-B19C-DF54584600CB}.Debug|Any CPU.Build.0 = Debug|Any CPU
		{8EFFEE66-0EB6-4E7B-B19C-DF54584600CB}.Debug|x64.ActiveCfg = Debug|Any CPU
		{8EFFEE66-0EB6-4E7B-B19C-DF54584600CB}.Debug|x64.Build.0 = Debug|Any CPU
		{8EFFEE66-0EB6-4E7B-B19C-DF54584600CB}.Debug|x86.ActiveCfg = Debug|Any CPU
		{8EFFEE66-0EB6-4E7B-B19C-DF54584600CB}.Debug|x86.Build.0 = Debug|Any CPU
		{8EFFEE66-0EB6-4E7B-B19C-DF54584600CB}.Release|Any CPU.ActiveCfg = Release|Any CPU
		{8EFFEE66-0EB6-4E7B-B19C-DF54584600CB}.Release|Any CPU.Build.0 = Release|Any CPU
		{8EFFEE66-0EB6-4E7B-B19C-DF54584600CB}.Release|x64.ActiveCfg = Release|Any CPU
		{8EFFEE66-0EB6-4E7B-B19C-DF54584600CB}.Release|x64.Build.0 = Release|Any CPU
		{8EFFEE66-0EB6-4E7B-B19C-DF54584600CB}.Release|x86.ActiveCfg = Release|Any CPU
		{8EFFEE66-0EB6-4E7B-B19C-DF54584600CB}.Release|x86.Build.0 = Release|Any CPU
		{F5EED875-886C-42FE-8B69-995EDAF8A112}.Debug|Any CPU.ActiveCfg = Debug|Any CPU
		{F5EED875-886C-42FE-8B69-995EDAF8A112}.Debug|Any CPU.Build.0 = Debug|Any CPU
		{F5EED875-886C-42FE-8B69-995EDAF8A112}.Debug|x64.ActiveCfg = Debug|Any CPU
		{F5EED875-886C-42FE-8B69-995EDAF8A112}.Debug|x64.Build.0 = Debug|Any CPU
		{F5EED875-886C-42FE-8B69-995EDAF8A112}.Debug|x86.ActiveCfg = Debug|Any CPU
		{F5EED875-886C-42FE-8B69-995EDAF8A112}.Debug|x86.Build.0 = Debug|Any CPU
		{F5EED875-886C-42FE-8B69-995EDAF8A112}.Release|Any CPU.ActiveCfg = Release|Any CPU
		{F5EED875-886C-42FE-8B69-995EDAF8A112}.Release|Any CPU.Build.0 = Release|Any CPU
		{F5EED875-886C-42FE-8B69-995EDAF8A112}.Release|x64.ActiveCfg = Release|Any CPU
		{F5EED875-886C-42FE-8B69-995EDAF8A112}.Release|x64.Build.0 = Release|Any CPU
		{F5EED875-886C-42FE-8B69-995EDAF8A112}.Release|x86.ActiveCfg = Release|Any CPU
		{F5EED875-886C-42FE-8B69-995EDAF8A112}.Release|x86.Build.0 = Release|Any CPU
		{17E43E27-6E0D-48EF-809E-045944CA1D3E}.Debug|Any CPU.ActiveCfg = Debug|Any CPU
		{17E43E27-6E0D-48EF-809E-045944CA1D3E}.Debug|Any CPU.Build.0 = Debug|Any CPU
		{17E43E27-6E0D-48EF-809E-045944CA1D3E}.Debug|x64.ActiveCfg = Debug|Any CPU
		{17E43E27-6E0D-48EF-809E-045944CA1D3E}.Debug|x64.Build.0 = Debug|Any CPU
		{17E43E27-6E0D-48EF-809E-045944CA1D3E}.Debug|x86.ActiveCfg = Debug|Any CPU
		{17E43E27-6E0D-48EF-809E-045944CA1D3E}.Debug|x86.Build.0 = Debug|Any CPU
		{17E43E27-6E0D-48EF-809E-045944CA1D3E}.Release|Any CPU.ActiveCfg = Release|Any CPU
		{17E43E27-6E0D-48EF-809E-045944CA1D3E}.Release|Any CPU.Build.0 = Release|Any CPU
		{17E43E27-6E0D-48EF-809E-045944CA1D3E}.Release|x64.ActiveCfg = Release|Any CPU
		{17E43E27-6E0D-48EF-809E-045944CA1D3E}.Release|x64.Build.0 = Release|Any CPU
		{17E43E27-6E0D-48EF-809E-045944CA1D3E}.Release|x86.ActiveCfg = Release|Any CPU
		{17E43E27-6E0D-48EF-809E-045944CA1D3E}.Release|x86.Build.0 = Release|Any CPU
		{50238ED6-85F2-4E7C-8646-02E89D5D437C}.Debug|Any CPU.ActiveCfg = Debug|Any CPU
		{50238ED6-85F2-4E7C-8646-02E89D5D437C}.Debug|Any CPU.Build.0 = Debug|Any CPU
		{50238ED6-85F2-4E7C-8646-02E89D5D437C}.Debug|x64.ActiveCfg = Debug|Any CPU
		{50238ED6-85F2-4E7C-8646-02E89D5D437C}.Debug|x64.Build.0 = Debug|Any CPU
		{50238ED6-85F2-4E7C-8646-02E89D5D437C}.Debug|x86.ActiveCfg = Debug|Any CPU
		{50238ED6-85F2-4E7C-8646-02E89D5D437C}.Debug|x86.Build.0 = Debug|Any CPU
		{50238ED6-85F2-4E7C-8646-02E89D5D437C}.Release|Any CPU.ActiveCfg = Release|Any CPU
		{50238ED6-85F2-4E7C-8646-02E89D5D437C}.Release|Any CPU.Build.0 = Release|Any CPU
		{50238ED6-85F2-4E7C-8646-02E89D5D437C}.Release|x64.ActiveCfg = Release|Any CPU
		{50238ED6-85F2-4E7C-8646-02E89D5D437C}.Release|x64.Build.0 = Release|Any CPU
		{50238ED6-85F2-4E7C-8646-02E89D5D437C}.Release|x86.ActiveCfg = Release|Any CPU
		{50238ED6-85F2-4E7C-8646-02E89D5D437C}.Release|x86.Build.0 = Release|Any CPU
		{607FE9C5-D74A-48F2-8D7F-ECC81D540D41}.Debug|Any CPU.ActiveCfg = Debug|Any CPU
		{607FE9C5-D74A-48F2-8D7F-ECC81D540D41}.Debug|Any CPU.Build.0 = Debug|Any CPU
		{607FE9C5-D74A-48F2-8D7F-ECC81D540D41}.Debug|x64.ActiveCfg = Debug|Any CPU
		{607FE9C5-D74A-48F2-8D7F-ECC81D540D41}.Debug|x64.Build.0 = Debug|Any CPU
		{607FE9C5-D74A-48F2-8D7F-ECC81D540D41}.Debug|x86.ActiveCfg = Debug|Any CPU
		{607FE9C5-D74A-48F2-8D7F-ECC81D540D41}.Debug|x86.Build.0 = Debug|Any CPU
		{607FE9C5-D74A-48F2-8D7F-ECC81D540D41}.Release|Any CPU.ActiveCfg = Release|Any CPU
		{607FE9C5-D74A-48F2-8D7F-ECC81D540D41}.Release|Any CPU.Build.0 = Release|Any CPU
		{607FE9C5-D74A-48F2-8D7F-ECC81D540D41}.Release|x64.ActiveCfg = Release|Any CPU
		{607FE9C5-D74A-48F2-8D7F-ECC81D540D41}.Release|x64.Build.0 = Release|Any CPU
		{607FE9C5-D74A-48F2-8D7F-ECC81D540D41}.Release|x86.ActiveCfg = Release|Any CPU
		{607FE9C5-D74A-48F2-8D7F-ECC81D540D41}.Release|x86.Build.0 = Release|Any CPU
	EndGlobalSection
	GlobalSection(SolutionProperties) = preSolution
		HideSolutionNode = FALSE
	EndGlobalSection
	GlobalSection(NestedProjects) = preSolution
		{E9ADE736-2031-45BD-9C90-A585CF453520} = {B56BD9D7-6519-4C20-83F3-065A6DE3CD5C}
		{96BE79B5-C9CA-4910-8BC6-0939CB37F3E8} = {B56BD9D7-6519-4C20-83F3-065A6DE3CD5C}
		{8EFFEE66-0EB6-4E7B-B19C-DF54584600CB} = {B56BD9D7-6519-4C20-83F3-065A6DE3CD5C}
		{F5EED875-886C-42FE-8B69-995EDAF8A112} = {B56BD9D7-6519-4C20-83F3-065A6DE3CD5C}
		{17E43E27-6E0D-48EF-809E-045944CA1D3E} = {BC92BAF0-3620-417E-A974-F02844536051}
		{50238ED6-85F2-4E7C-8646-02E89D5D437C} = {BC92BAF0-3620-417E-A974-F02844536051}
		{607FE9C5-D74A-48F2-8D7F-ECC81D540D41} = {BC92BAF0-3620-417E-A974-F02844536051}
	EndGlobalSection
	GlobalSection(ExtensibilityGlobals) = postSolution
		SolutionGuid = {4EB8D20C-A1DC-4680-B929-185365B61D4F}
	EndGlobalSection
EndGlobal
